github.com/snonux/gonf v0.7.4 h1:54ye5122ini4iAWEwW7nRxxtUNXQ0hi1r2tDgZbrccg=
github.com/snonux/gonf v0.7.4/go.mod h1:iYCFrYVtkh28vQs01wz8TecmhzaZppLVf8h0Z7qbRNQ=
golang.org/x/sync v0.23.0 h1:KameEIfc1IkluZyXWLn39Wd4tURc6GbCiISGiZm2bQk=
golang.org/x/sync v0.23.0/go.mod h1:sUUOizhqBxiL6pEWpqNLUiaJn1ShEbZ6BBqskPbjZm0=
