github.com/snonux/gonf v0.12.2 h1:46TBuTkzj6ukE2Qj+T8nZeMRCq165rmFHymwmFOkS6U=
github.com/snonux/gonf v0.12.2/go.mod h1:kIP/UBEAtuLsByn5pPcLwntiwiG7QlLb/zKPPdP0Aic=
golang.org/x/sync v0.23.0 h1:KameEIfc1IkluZyXWLn39Wd4tURc6GbCiISGiZm2bQk=
golang.org/x/sync v0.23.0/go.mod h1:sUUOizhqBxiL6pEWpqNLUiaJn1ShEbZ6BBqskPbjZm0=
